<Solution>
  <Folder Name="/src/">
    <Project Path="src/Sentinel.Application/Sentinel.Application.csproj" />
    <Project Path="src/Sentinel.Domain/Sentinel.Domain.csproj" />
    <Project Path="src/Sentinel.Infrastructure/Sentinel.Infrastructure.csproj" />
    <Project Path="src/Sentinel.Web/Sentinel.Web.csproj" />
  </Folder>
</Solution>
